
Microsoft Visual Studio Solution File, Format Version 12.00
# Visual Studio 15
VisualStudioVersion = 15.0.28307.136
MinimumVisualStudioVersion = 10.0.40219.1
Project("{FAE04EC0-301F-11D3-BF4B-00C04F79EFBC}") = "aspMvcAngularCliDemo", "aspMvcAngularCliDemo\aspMvcAngularCliDemo.csproj", "{8FC2B186-36A5-43BA-963D-104FEB48BF78}"
EndProject
Global
	GlobalSection(SolutionConfigurationPlatforms) = preSolution
		Debug|Any CPU = Debug|Any CPU
		Release|Any CPU = Release|Any CPU
	EndGlobalSection
	GlobalSection(ProjectConfigurationPlatforms) = postSolution
		{8FC2B186-36A5-43BA-963D-104FEB48BF78}.Debug|Any CPU.ActiveCfg = Debug|Any CPU
		{8FC2B186-36A5-43BA-963D-104FEB48BF78}.Debug|Any CPU.Build.0 = Debug|Any CPU
		{8FC2B186-36A5-43BA-963D-104FEB48BF78}.Release|Any CPU.ActiveCfg = Release|Any CPU
		{8FC2B186-36A5-43BA-963D-104FEB48BF78}.Release|Any CPU.Build.0 = Release|Any CPU
	EndGlobalSection
	GlobalSection(SolutionProperties) = preSolution
		HideSolutionNode = FALSE
	EndGlobalSection
	GlobalSection(ExtensibilityGlobals) = postSolution
		SolutionGuid = {E6B9D9DE-F335-4AD5-8929-B8A580F60187}
	EndGlobalSection
EndGlobal
